
Microsoft Visual Studio Solution File, Format Version 12.00
# Visual Studio 2012
Project("{8BC9CEB8-8B4A-11D0-8D11-00A0C91BC942}") = "Visualizer", "Visualizer\Visualizer.vcxproj", "{4058B364-00C8-48CB-8DD1-BF097532BB40}"
EndProject
Global
	GlobalSection(SolutionConfigurationPlatforms) = preSolution
		Debug|Win32 = Debug|Win32
		Release|Win32 = Release|Win32
	EndGlobalSection
	GlobalSection(ProjectConfigurationPlatforms) = postSolution
		{4058B364-00C8-48CB-8DD1-BF097532BB40}.Debug|Win32.ActiveCfg = Debug|Win32
		{4058B364-00C8-48CB-8DD1-BF097532BB40}.Debug|Win32.Build.0 = Debug|Win32
		{4058B364-00C8-48CB-8DD1-BF097532BB40}.Release|Win32.ActiveCfg = Release|Win32
		{4058B364-00C8-48CB-8DD1-BF097532BB40}.Release|Win32.Build.0 = Release|Win32
	EndGlobalSection
	GlobalSection(SolutionProperties) = preSolution
		HideSolutionNode = FALSE
	EndGlobalSection
EndGlobal
